{
  "name": "xcodebuild-action",
  "version": "1.0.0",
  "lockfileVersion": 1,
  "requires": true,
  "dependencies": {
    "@actions/core": {
      "version": "1.2.6",
      "resolved": "https://registry.npmjs.org/@actions/core/-/core-1.2.6.tgz",
      "integrity": "sha512-ZQYitnqiyBc3D+k7LsgSBmMDVkOVidaagDG7j3fOym77jNunWRuYx7VSHa9GNfFZh+zh61xsCjRj4JxMZlDqTA=="
    },
    "@types/node": {
      "version": "12.19.4",
      "resolved": "https://registry.npmjs.org/@types/node/-/node-12.19.4.tgz",
      "integrity": "sha512-o3oj1bETk8kBwzz1WlO6JWL/AfAA3Vm6J1B3C9CsdxHYp7XgPiH7OEXPUbZTndHlRaIElrANkQfe6ZmfJb3H2w==",
      "dev": true
    }
  }
}
