{
  "name": "xcodebuild-action",
  "version": "1.0.0",
  "lockfileVersion": 2,
  "requires": true,
  "packages": {
    "": {
      "version": "1.0.0",
      "license": "Apache-2.0",
      "dependencies": {
        "@actions/core": "^1.2.6"
      },
      "devDependencies": {
        "@types/node": "^12.19.4"
      }
    },
    "node_modules/@actions/core": {
      "version": "1.2.6",
      "resolved": "https://registry.npmjs.org/@actions/core/-/core-1.2.6.tgz",
      "integrity": "sha512-ZQYitnqiyBc3D+k7LsgSBmMDVkOVidaagDG7j3fOym77jNunWRuYx7VSHa9GNfFZh+zh61xsCjRj4JxMZlDqTA=="
    },
    "node_modules/@types/node": {
      "version": "12.20.6",
      "resolved": "https://registry.npmjs.org/@types/node/-/node-12.20.6.tgz",
      "integrity": "sha512-sRVq8d+ApGslmkE9e3i+D3gFGk7aZHAT+G4cIpIEdLJYPsWiSPwcAnJEjddLQQDqV3Ra2jOclX/Sv6YrvGYiWA==",
      "dev": true
    }
  },
  "dependencies": {
    "@actions/core": {
      "version": "1.2.6",
      "resolved": "https://registry.npmjs.org/@actions/core/-/core-1.2.6.tgz",
      "integrity": "sha512-ZQYitnqiyBc3D+k7LsgSBmMDVkOVidaagDG7j3fOym77jNunWRuYx7VSHa9GNfFZh+zh61xsCjRj4JxMZlDqTA=="
    },
    "@types/node": {
      "version": "12.20.6",
      "resolved": "https://registry.npmjs.org/@types/node/-/node-12.20.6.tgz",
      "integrity": "sha512-sRVq8d+ApGslmkE9e3i+D3gFGk7aZHAT+G4cIpIEdLJYPsWiSPwcAnJEjddLQQDqV3Ra2jOclX/Sv6YrvGYiWA==",
      "dev": true
    }
  }
}
