{
  "name": "xcodebuild-action",
  "version": "2.0.0",
  "lockfileVersion": 2,
  "requires": true,
  "packages": {
    "": {
      "name": "xcodebuild-action",
      "version": "2.0.0",
      "license": "Apache-2.0",
      "dependencies": {
        "@actions/core": "^1.9.0"
      },
      "devDependencies": {
        "@types/node": "^16.11.43"
      }
    },
    "node_modules/@actions/core": {
      "version": "1.9.0",
      "resolved": "https://registry.npmjs.org/@actions/core/-/core-1.9.0.tgz",
      "integrity": "sha512-5pbM693Ih59ZdUhgk+fts+bUWTnIdHV3kwOSr+QIoFHMLg7Gzhwm0cifDY/AG68ekEJAkHnQVpcy4f6GjmzBCA==",
      "dependencies": {
        "@actions/http-client": "^2.0.1"
      }
    },
    "node_modules/@actions/http-client": {
      "version": "2.0.1",
      "resolved": "https://registry.npmjs.org/@actions/http-client/-/http-client-2.0.1.tgz",
      "integrity": "sha512-PIXiMVtz6VvyaRsGY268qvj57hXQEpsYogYOu2nrQhlf+XCGmZstmuZBbAybUl1nQGnvS1k1eEsQ69ZoD7xlSw==",
      "dependencies": {
        "tunnel": "^0.0.6"
      }
    },
    "node_modules/@types/node": {
      "version": "16.11.43",
      "resolved": "https://registry.npmjs.org/@types/node/-/node-16.11.43.tgz",
      "integrity": "sha512-GqWykok+3uocgfAJM8imbozrqLnPyTrpFlrryURQlw1EesPUCx5XxTiucWDSFF9/NUEXDuD4bnvHm8xfVGWTpQ==",
      "dev": true
    },
    "node_modules/tunnel": {
      "version": "0.0.6",
      "resolved": "https://registry.npmjs.org/tunnel/-/tunnel-0.0.6.tgz",
      "integrity": "sha512-1h/Lnq9yajKY2PEbBadPXj3VxsDDu844OnaAo52UVmIzIvwwtBPIuNvkjuzBlTWpfJyUbG3ez0KSBibQkj4ojg==",
      "engines": {
        "node": ">=0.6.11 <=0.7.0 || >=0.7.3"
      }
    }
  },
  "dependencies": {
    "@actions/core": {
      "version": "1.9.0",
      "resolved": "https://registry.npmjs.org/@actions/core/-/core-1.9.0.tgz",
      "integrity": "sha512-5pbM693Ih59ZdUhgk+fts+bUWTnIdHV3kwOSr+QIoFHMLg7Gzhwm0cifDY/AG68ekEJAkHnQVpcy4f6GjmzBCA==",
      "requires": {
        "@actions/http-client": "^2.0.1"
      }
    },
    "@actions/http-client": {
      "version": "2.0.1",
      "resolved": "https://registry.npmjs.org/@actions/http-client/-/http-client-2.0.1.tgz",
      "integrity": "sha512-PIXiMVtz6VvyaRsGY268qvj57hXQEpsYogYOu2nrQhlf+XCGmZstmuZBbAybUl1nQGnvS1k1eEsQ69ZoD7xlSw==",
      "requires": {
        "tunnel": "^0.0.6"
      }
    },
    "@types/node": {
      "version": "16.11.43",
      "resolved": "https://registry.npmjs.org/@types/node/-/node-16.11.43.tgz",
      "integrity": "sha512-GqWykok+3uocgfAJM8imbozrqLnPyTrpFlrryURQlw1EesPUCx5XxTiucWDSFF9/NUEXDuD4bnvHm8xfVGWTpQ==",
      "dev": true
    },
    "tunnel": {
      "version": "0.0.6",
      "resolved": "https://registry.npmjs.org/tunnel/-/tunnel-0.0.6.tgz",
      "integrity": "sha512-1h/Lnq9yajKY2PEbBadPXj3VxsDDu844OnaAo52UVmIzIvwwtBPIuNvkjuzBlTWpfJyUbG3ez0KSBibQkj4ojg=="
    }
  }
}
